
Microsoft Visual Studio Solution File, Format Version 12.00
# Visual Studio Version 16
VisualStudioVersion = 16.0.31515.178
MinimumVisualStudioVersion = 10.0.40219.1
Project("{FAE04EC0-301F-11D3-BF4B-00C04F79EFBC}") = "TradingBot", "TradingBot\TradingBot.csproj", "{7DB71418-715F-48AD-A3FD-C3EEA884E5B2}"
EndProject
Global
	GlobalSection(SolutionConfigurationPlatforms) = preSolution
		Debug|Any CPU = Debug|Any CPU
		Release|Any CPU = Release|Any CPU
	EndGlobalSection
	GlobalSection(ProjectConfigurationPlatforms) = postSolution
		{7DB71418-715F-48AD-A3FD-C3EEA884E5B2}.Debug|Any CPU.ActiveCfg = Debug|Any CPU
		{7DB71418-715F-48AD-A3FD-C3EEA884E5B2}.Debug|Any CPU.Build.0 = Debug|Any CPU
		{7DB71418-715F-48AD-A3FD-C3EEA884E5B2}.Release|Any CPU.ActiveCfg = Release|Any CPU
		{7DB71418-715F-48AD-A3FD-C3EEA884E5B2}.Release|Any CPU.Build.0 = Release|Any CPU
	EndGlobalSection
	GlobalSection(SolutionProperties) = preSolution
		HideSolutionNode = FALSE
	EndGlobalSection
	GlobalSection(ExtensibilityGlobals) = postSolution
		SolutionGuid = {3C9114AE-900D-4F79-9788-C1CD0E8F430E}
	EndGlobalSection
EndGlobal
